// !$*UTF8*$!
{
	archiveVersion = 1;
	classes = {
	};
	objectVersion = 46;
	objects = {

/* Begin PBXBuildFile section */
		1C49B9A0228C018B0074B212 /* LRUCacheTests.swift in Sources */ = {isa = PBXBuildFile; fileRef = 1C49B99F228C018B0074B212 /* LRUCacheTests.swift */; };
		1C49B9A2228C028C0074B212 /* LoadOperationTests.swift in Sources */ = {isa = PBXBuildFile; fileRef = 1C49B9A1228C028C0074B212 /* LoadOperationTests.swift */; };
		1C49B9A6228C3B690074B212 /* DataLoaderTests.swift in Sources */ = {isa = PBXBuildFile; fileRef = 1C49B9A5228C3B690074B212 /* DataLoaderTests.swift */; };
		1C49B9A8228C3B7E0074B212 /* URLProtocolMock.swift in Sources */ = {isa = PBXBuildFile; fileRef = 1C49B9A7228C3B7E0074B212 /* URLProtocolMock.swift */; };
		1C49B9A9228C3DAF0074B212 /* URLProtocolMock.swift in Sources */ = {isa = PBXBuildFile; fileRef = 1C49B9A7228C3B7E0074B212 /* URLProtocolMock.swift */; };
		1C49B9FE228C4E970074B212 /* board.json in Resources */ = {isa = PBXBuildFile; fileRef = 1C49B9FD228C4E970074B212 /* board.json */; };
		1C49BA02228C4EB60074B212 /* PinTests.swift in Sources */ = {isa = PBXBuildFile; fileRef = 1C49BA01228C4EB60074B212 /* PinTests.swift */; };
		1C49BA04228C4EC40074B212 /* PinPresentationTests.swift in Sources */ = {isa = PBXBuildFile; fileRef = 1C49BA03228C4EC40074B212 /* PinPresentationTests.swift */; };
		1C49BA11228C674E0074B212 /* FlowController.swift in Sources */ = {isa = PBXBuildFile; fileRef = 1C49BA0F228C67000074B212 /* FlowController.swift */; };
		1C49BA14228C67AA0074B212 /* ViewControllerFactory.swift in Sources */ = {isa = PBXBuildFile; fileRef = 1C49BA12228C678F0074B212 /* ViewControllerFactory.swift */; };
		1C49BA17228C680F0074B212 /* UIViewController.swift in Sources */ = {isa = PBXBuildFile; fileRef = 1C49BA15228C68070074B212 /* UIViewController.swift */; };
		1C5150E3228AC1CD00306177 /* PinPresentation.swift in Sources */ = {isa = PBXBuildFile; fileRef = 1C5150D1228AC1CD00306177 /* PinPresentation.swift */; };
		1C5150E4228AC1CD00306177 /* BoardModelController.swift in Sources */ = {isa = PBXBuildFile; fileRef = 1C5150D2228AC1CD00306177 /* BoardModelController.swift */; };
		1C5150E5228AC1CD00306177 /* BoardService.swift in Sources */ = {isa = PBXBuildFile; fileRef = 1C5150D3228AC1CD00306177 /* BoardService.swift */; };
		1C5150E6228AC1CD00306177 /* URL.swift in Sources */ = {isa = PBXBuildFile; fileRef = 1C5150D5228AC1CD00306177 /* URL.swift */; };
		1C5150E7228AC1CD00306177 /* BoardViewController.swift in Sources */ = {isa = PBXBuildFile; fileRef = 1C5150D7228AC1CD00306177 /* BoardViewController.swift */; };
		1C5150E8228AC1CD00306177 /* Pin.swift in Sources */ = {isa = PBXBuildFile; fileRef = 1C5150D9228AC1CD00306177 /* Pin.swift */; };
		1C5150E9228AC1CD00306177 /* BoardLayout.swift in Sources */ = {isa = PBXBuildFile; fileRef = 1C5150DB228AC1CD00306177 /* BoardLayout.swift */; };
		1C5150EA228AC1CD00306177 /* PinCell.swift in Sources */ = {isa = PBXBuildFile; fileRef = 1C5150DC228AC1CD00306177 /* PinCell.swift */; };
		1C5150EB228AC1CD00306177 /* PinCell.xib in Resources */ = {isa = PBXBuildFile; fileRef = 1C5150DD228AC1CD00306177 /* PinCell.xib */; };
		1C5150EC228AC1CD00306177 /* ReusableView.swift in Sources */ = {isa = PBXBuildFile; fileRef = 1C5150E0228AC1CD00306177 /* ReusableView.swift */; };
		1C5150ED228AC1CD00306177 /* Result.swift in Sources */ = {isa = PBXBuildFile; fileRef = 1C5150E2228AC1CD00306177 /* Result.swift */; };
		1C5150EF228AC38000306177 /* RootFactory.swift in Sources */ = {isa = PBXBuildFile; fileRef = 1C5150EE228AC38000306177 /* RootFactory.swift */; };
		1C5150F6228AC93900306177 /* BoardDataSource.swift in Sources */ = {isa = PBXBuildFile; fileRef = 1C5150F5228AC93900306177 /* BoardDataSource.swift */; };
		1C515107228B072E00306177 /* RoundedImageView.swift in Sources */ = {isa = PBXBuildFile; fileRef = 1C515106228B072E00306177 /* RoundedImageView.swift */; };
		2FDC481F1ECFFE6CD4343FE1 /* Pods_Downloader_Example.framework in Frameworks */ = {isa = PBXBuildFile; fileRef = ED7370786BA0EB0394967749 /* Pods_Downloader_Example.framework */; };
		54D8D1C2B526B517930F33FD /* Pods_Downloader_Tests.framework in Frameworks */ = {isa = PBXBuildFile; fileRef = CDC6C9C9F94F0A3CE47D8604 /* Pods_Downloader_Tests.framework */; };
		607FACD61AFB9204008FA782 /* AppDelegate.swift in Sources */ = {isa = PBXBuildFile; fileRef = 607FACD51AFB9204008FA782 /* AppDelegate.swift */; };
		607FACDD1AFB9204008FA782 /* Images.xcassets in Resources */ = {isa = PBXBuildFile; fileRef = 607FACDC1AFB9204008FA782 /* Images.xcassets */; };
		607FACE01AFB9204008FA782 /* LaunchScreen.xib in Resources */ = {isa = PBXBuildFile; fileRef = 607FACDE1AFB9204008FA782 /* LaunchScreen.xib */; };
		607FACEC1AFB9204008FA782 /* LinkedListTests.swift in Sources */ = {isa = PBXBuildFile; fileRef = 607FACEB1AFB9204008FA782 /* LinkedListTests.swift */; };
/* End PBXBuildFile section */

/* Begin PBXContainerItemProxy section */
		1C49B9F4228C4E630074B212 /* PBXContainerItemProxy */ = {
			isa = PBXContainerItemProxy;
			containerPortal = 607FACC81AFB9204008FA782 /* Project object */;
			proxyType = 1;
			remoteGlobalIDString = 607FACCF1AFB9204008FA782;
			remoteInfo = Downloader_Example;
		};
		607FACE61AFB9204008FA782 /* PBXContainerItemProxy */ = {
			isa = PBXContainerItemProxy;
			containerPortal = 607FACC81AFB9204008FA782 /* Project object */;
			proxyType = 1;
			remoteGlobalIDString = 607FACCF1AFB9204008FA782;
			remoteInfo = Downloader;
		};
/* End PBXContainerItemProxy section */

/* Begin PBXFileReference section */
		180A15C70EAD6E8495CF9787 /* Pods-Downloader_Tests.release.xcconfig */ = {isa = PBXFileReference; includeInIndex = 1; lastKnownFileType = text.xcconfig; name = "Pods-Downloader_Tests.release.xcconfig"; path = "Target Support Files/Pods-Downloader_Tests/Pods-Downloader_Tests.release.xcconfig"; sourceTree = "<group>"; };
		1C49B99F228C018B0074B212 /* LRUCacheTests.swift */ = {isa = PBXFileReference; lastKnownFileType = sourcecode.swift; path = LRUCacheTests.swift; sourceTree = "<group>"; };
		1C49B9A1228C028C0074B212 /* LoadOperationTests.swift */ = {isa = PBXFileReference; lastKnownFileType = sourcecode.swift; path = LoadOperationTests.swift; sourceTree = "<group>"; };
		1C49B9A5228C3B690074B212 /* DataLoaderTests.swift */ = {isa = PBXFileReference; lastKnownFileType = sourcecode.swift; path = DataLoaderTests.swift; sourceTree = "<group>"; };
		1C49B9A7228C3B7E0074B212 /* URLProtocolMock.swift */ = {isa = PBXFileReference; lastKnownFileType = sourcecode.swift; path = URLProtocolMock.swift; sourceTree = "<group>"; };
		1C49B9EF228C4E630074B212 /* Downloader_ExampleTests.xctest */ = {isa = PBXFileReference; explicitFileType = wrapper.cfbundle; includeInIndex = 0; path = Downloader_ExampleTests.xctest; sourceTree = BUILT_PRODUCTS_DIR; };
		1C49B9F3228C4E630074B212 /* Info.plist */ = {isa = PBXFileReference; lastKnownFileType = text.plist.xml; path = Info.plist; sourceTree = "<group>"; };
		1C49B9FD228C4E970074B212 /* board.json */ = {isa = PBXFileReference; lastKnownFileType = text.json; path = board.json; sourceTree = "<group>"; };
		1C49BA01228C4EB60074B212 /* PinTests.swift */ = {isa = PBXFileReference; lastKnownFileType = sourcecode.swift; path = PinTests.swift; sourceTree = "<group>"; };
		1C49BA03228C4EC40074B212 /* PinPresentationTests.swift */ = {isa = PBXFileReference; lastKnownFileType = sourcecode.swift; path = PinPresentationTests.swift; sourceTree = "<group>"; };
		1C49BA07228C5D410074B212 /* Pods_Downloader_Example.framework */ = {isa = PBXFileReference; explicitFileType = wrapper.framework; path = Pods_Downloader_Example.framework; sourceTree = BUILT_PRODUCTS_DIR; };
		1C49BA09228C5D4C0074B212 /* Downloader.framework */ = {isa = PBXFileReference; explicitFileType = wrapper.framework; path = Downloader.framework; sourceTree = BUILT_PRODUCTS_DIR; };
		1C49BA0B228C5D4C0074B212 /* Pods_Downloader_Tests.framework */ = {isa = PBXFileReference; explicitFileType = wrapper.framework; path = Pods_Downloader_Tests.framework; sourceTree = BUILT_PRODUCTS_DIR; };
		1C49BA0D228C5D740074B212 /* Downloader.framework */ = {isa = PBXFileReference; explicitFileType = wrapper.framework; path = Downloader.framework; sourceTree = BUILT_PRODUCTS_DIR; };
		1C49BA0F228C67000074B212 /* FlowController.swift */ = {isa = PBXFileReference; lastKnownFileType = sourcecode.swift; path = FlowController.swift; sourceTree = "<group>"; };
		1C49BA12228C678F0074B212 /* ViewControllerFactory.swift */ = {isa = PBXFileReference; lastKnownFileType = sourcecode.swift; path = ViewControllerFactory.swift; sourceTree = "<group>"; };
		1C49BA15228C68070074B212 /* UIViewController.swift */ = {isa = PBXFileReference; lastKnownFileType = sourcecode.swift; path = UIViewController.swift; sourceTree = "<group>"; };
		1C5150D1228AC1CD00306177 /* PinPresentation.swift */ = {isa = PBXFileReference; fileEncoding = 4; lastKnownFileType = sourcecode.swift; path = PinPresentation.swift; sourceTree = "<group>"; };
		1C5150D2228AC1CD00306177 /* BoardModelController.swift */ = {isa = PBXFileReference; fileEncoding = 4; lastKnownFileType = sourcecode.swift; path = BoardModelController.swift; sourceTree = "<group>"; };
		1C5150D3228AC1CD00306177 /* BoardService.swift */ = {isa = PBXFileReference; fileEncoding = 4; lastKnownFileType = sourcecode.swift; path = BoardService.swift; sourceTree = "<group>"; };
		1C5150D5228AC1CD00306177 /* URL.swift */ = {isa = PBXFileReference; fileEncoding = 4; lastKnownFileType = sourcecode.swift; path = URL.swift; sourceTree = "<group>"; };
		1C5150D7228AC1CD00306177 /* BoardViewController.swift */ = {isa = PBXFileReference; fileEncoding = 4; lastKnownFileType = sourcecode.swift; path = BoardViewController.swift; sourceTree = "<group>"; };
		1C5150D9228AC1CD00306177 /* Pin.swift */ = {isa = PBXFileReference; fileEncoding = 4; lastKnownFileType = sourcecode.swift; path = Pin.swift; sourceTree = "<group>"; };
		1C5150DB228AC1CD00306177 /* BoardLayout.swift */ = {isa = PBXFileReference; fileEncoding = 4; lastKnownFileType = sourcecode.swift; path = BoardLayout.swift; sourceTree = "<group>"; };
		1C5150DC228AC1CD00306177 /* PinCell.swift */ = {isa = PBXFileReference; fileEncoding = 4; lastKnownFileType = sourcecode.swift; path = PinCell.swift; sourceTree = "<group>"; };
		1C5150DD228AC1CD00306177 /* PinCell.xib */ = {isa = PBXFileReference; fileEncoding = 4; lastKnownFileType = file.xib; path = PinCell.xib; sourceTree = "<group>"; };
		1C5150E0228AC1CD00306177 /* ReusableView.swift */ = {isa = PBXFileReference; fileEncoding = 4; lastKnownFileType = sourcecode.swift; path = ReusableView.swift; sourceTree = "<group>"; };
		1C5150E2228AC1CD00306177 /* Result.swift */ = {isa = PBXFileReference; fileEncoding = 4; lastKnownFileType = sourcecode.swift; path = Result.swift; sourceTree = "<group>"; };
		1C5150EE228AC38000306177 /* RootFactory.swift */ = {isa = PBXFileReference; lastKnownFileType = sourcecode.swift; path = RootFactory.swift; sourceTree = "<group>"; };
		1C5150F5228AC93900306177 /* BoardDataSource.swift */ = {isa = PBXFileReference; lastKnownFileType = sourcecode.swift; path = BoardDataSource.swift; sourceTree = "<group>"; };
		1C515106228B072E00306177 /* RoundedImageView.swift */ = {isa = PBXFileReference; lastKnownFileType = sourcecode.swift; path = RoundedImageView.swift; sourceTree = "<group>"; };
		51F9078903EF818ADB5CCFAF /* README.md */ = {isa = PBXFileReference; includeInIndex = 1; lastKnownFileType = net.daringfireball.markdown; name = README.md; path = ../README.md; sourceTree = "<group>"; };
		607FACD01AFB9204008FA782 /* Downloader_Example.app */ = {isa = PBXFileReference; explicitFileType = wrapper.application; includeInIndex = 0; path = Downloader_Example.app; sourceTree = BUILT_PRODUCTS_DIR; };
		607FACD41AFB9204008FA782 /* Info.plist */ = {isa = PBXFileReference; lastKnownFileType = text.plist.xml; path = Info.plist; sourceTree = "<group>"; };
		607FACD51AFB9204008FA782 /* AppDelegate.swift */ = {isa = PBXFileReference; lastKnownFileType = sourcecode.swift; path = AppDelegate.swift; sourceTree = "<group>"; };
		607FACDC1AFB9204008FA782 /* Images.xcassets */ = {isa = PBXFileReference; lastKnownFileType = folder.assetcatalog; path = Images.xcassets; sourceTree = "<group>"; };
		607FACDF1AFB9204008FA782 /* Base */ = {isa = PBXFileReference; lastKnownFileType = file.xib; name = Base; path = Base.lproj/LaunchScreen.xib; sourceTree = "<group>"; };
		607FACE51AFB9204008FA782 /* Downloader_Tests.xctest */ = {isa = PBXFileReference; explicitFileType = wrapper.cfbundle; includeInIndex = 0; path = Downloader_Tests.xctest; sourceTree = BUILT_PRODUCTS_DIR; };
		607FACEA1AFB9204008FA782 /* Info.plist */ = {isa = PBXFileReference; lastKnownFileType = text.plist.xml; path = Info.plist; sourceTree = "<group>"; };
		607FACEB1AFB9204008FA782 /* LinkedListTests.swift */ = {isa = PBXFileReference; lastKnownFileType = sourcecode.swift; path = LinkedListTests.swift; sourceTree = "<group>"; };
		8FE238E061E132C1FF7251EE /* Pods-Downloader_Example.debug.xcconfig */ = {isa = PBXFileReference; includeInIndex = 1; lastKnownFileType = text.xcconfig; name = "Pods-Downloader_Example.debug.xcconfig"; path = "Target Support Files/Pods-Downloader_Example/Pods-Downloader_Example.debug.xcconfig"; sourceTree = "<group>"; };
		CDC6C9C9F94F0A3CE47D8604 /* Pods_Downloader_Tests.framework */ = {isa = PBXFileReference; explicitFileType = wrapper.framework; includeInIndex = 0; path = Pods_Downloader_Tests.framework; sourceTree = BUILT_PRODUCTS_DIR; };
		EA9F7816EE96117FD24BA17E /* Pods-Downloader_Example.release.xcconfig */ = {isa = PBXFileReference; includeInIndex = 1; lastKnownFileType = text.xcconfig; name = "Pods-Downloader_Example.release.xcconfig"; path = "Target Support Files/Pods-Downloader_Example/Pods-Downloader_Example.release.xcconfig"; sourceTree = "<group>"; };
		EC1614FE39DAF334899BB11C /* Pods-Downloader_Tests.debug.xcconfig */ = {isa = PBXFileReference; includeInIndex = 1; lastKnownFileType = text.xcconfig; name = "Pods-Downloader_Tests.debug.xcconfig"; path = "Target Support Files/Pods-Downloader_Tests/Pods-Downloader_Tests.debug.xcconfig"; sourceTree = "<group>"; };
		ED7370786BA0EB0394967749 /* Pods_Downloader_Example.framework */ = {isa = PBXFileReference; explicitFileType = wrapper.framework; includeInIndex = 0; path = Pods_Downloader_Example.framework; sourceTree = BUILT_PRODUCTS_DIR; };
		F189618056D7AAE0BF0E4315 /* LICENSE */ = {isa = PBXFileReference; includeInIndex = 1; lastKnownFileType = text; name = LICENSE; path = ../LICENSE; sourceTree = "<group>"; };
		FD1758CC78DF43D5BB57E69F /* Downloader.podspec */ = {isa = PBXFileReference; includeInIndex = 1; lastKnownFileType = text; name = Downloader.podspec; path = ../Downloader.podspec; sourceTree = "<group>"; xcLanguageSpecificationIdentifier = xcode.lang.ruby; };
/* End PBXFileReference section */

/* Begin PBXFrameworksBuildPhase section */
		1C49B9EC228C4E630074B212 /* Frameworks */ = {
			isa = PBXFrameworksBuildPhase;
			buildActionMask = 2147483647;
			files = (
			);
			runOnlyForDeploymentPostprocessing = 0;
		};
		607FACCD1AFB9204008FA782 /* Frameworks */ = {
			isa = PBXFrameworksBuildPhase;
			buildActionMask = 2147483647;
			files = (
				2FDC481F1ECFFE6CD4343FE1 /* Pods_Downloader_Example.framework in Frameworks */,
			);
			runOnlyForDeploymentPostprocessing = 0;
		};
		607FACE21AFB9204008FA782 /* Frameworks */ = {
			isa = PBXFrameworksBuildPhase;
			buildActionMask = 2147483647;
			files = (
				54D8D1C2B526B517930F33FD /* Pods_Downloader_Tests.framework in Frameworks */,
			);
			runOnlyForDeploymentPostprocessing = 0;
		};
/* End PBXFrameworksBuildPhase section */

/* Begin PBXGroup section */
		1C49B9F0228C4E630074B212 /* Downloader_ExampleTests */ = {
			isa = PBXGroup;
			children = (
				1C49B9F9228C4E6F0074B212 /* Features */,
				1C49B9F3228C4E630074B212 /* Info.plist */,
			);
			path = Downloader_ExampleTests;
			sourceTree = "<group>";
		};
		1C49B9F9228C4E6F0074B212 /* Features */ = {
			isa = PBXGroup;
			children = (
				1C49B9FA228C4E760074B212 /* Board */,
			);
			path = Features;
			sourceTree = "<group>";
		};
		1C49B9FA228C4E760074B212 /* Board */ = {
			isa = PBXGroup;
			children = (
				1C49B9FC228C4E890074B212 /* Logic */,
				1C49B9FB228C4E840074B212 /* Model */,
			);
			path = Board;
			sourceTree = "<group>";
		};
		1C49B9FB228C4E840074B212 /* Model */ = {
			isa = PBXGroup;
			children = (
				1C49B9FD228C4E970074B212 /* board.json */,
				1C49BA01228C4EB60074B212 /* PinTests.swift */,
			);
			path = Model;
			sourceTree = "<group>";
		};
		1C49B9FC228C4E890074B212 /* Logic */ = {
			isa = PBXGroup;
			children = (
				1C49BA03228C4EC40074B212 /* PinPresentationTests.swift */,
			);
			path = Logic;
			sourceTree = "<group>";
		};
		1C5150CE228AC1CD00306177 /* Features */ = {
			isa = PBXGroup;
			children = (
				1C5150CF228AC1CD00306177 /* Board */,
			);
			path = Features;
			sourceTree = "<group>";
		};
		1C5150CF228AC1CD00306177 /* Board */ = {
			isa = PBXGroup;
			children = (
				1C5150D0228AC1CD00306177 /* Logic */,
				1C5150D4228AC1CD00306177 /* Extensions */,
				1C5150D6228AC1CD00306177 /* ViewControllers */,
				1C5150D8228AC1CD00306177 /* Model */,
				1C5150DA228AC1CD00306177 /* View */,
			);
			path = Board;
			sourceTree = "<group>";
		};
		1C5150D0228AC1CD00306177 /* Logic */ = {
			isa = PBXGroup;
			children = (
				1C5150D1228AC1CD00306177 /* PinPresentation.swift */,
				1C5150D2228AC1CD00306177 /* BoardModelController.swift */,
				1C5150D3228AC1CD00306177 /* BoardService.swift */,
			);
			path = Logic;
			sourceTree = "<group>";
		};
		1C5150D4228AC1CD00306177 /* Extensions */ = {
			isa = PBXGroup;
			children = (
				1C5150D5228AC1CD00306177 /* URL.swift */,
			);
			path = Extensions;
			sourceTree = "<group>";
		};
		1C5150D6228AC1CD00306177 /* ViewControllers */ = {
			isa = PBXGroup;
			children = (
				1C5150D7228AC1CD00306177 /* BoardViewController.swift */,
			);
			path = ViewControllers;
			sourceTree = "<group>";
		};
		1C5150D8228AC1CD00306177 /* Model */ = {
			isa = PBXGroup;
			children = (
				1C5150D9228AC1CD00306177 /* Pin.swift */,
			);
			path = Model;
			sourceTree = "<group>";
		};
		1C5150DA228AC1CD00306177 /* View */ = {
			isa = PBXGroup;
			children = (
				1C5150DB228AC1CD00306177 /* BoardLayout.swift */,
				1C5150DC228AC1CD00306177 /* PinCell.swift */,
				1C5150DD228AC1CD00306177 /* PinCell.xib */,
				1C5150F5228AC93900306177 /* BoardDataSource.swift */,
			);
			path = View;
			sourceTree = "<group>";
		};
		1C5150DE228AC1CD00306177 /* Shared */ = {
			isa = PBXGroup;
			children = (
				1C515105228B072000306177 /* Views */,
				1C5150DF228AC1CD00306177 /* Traits */,
				1C5150E1228AC1CD00306177 /* Extensions */,
			);
			path = Shared;
			sourceTree = "<group>";
		};
		1C5150DF228AC1CD00306177 /* Traits */ = {
			isa = PBXGroup;
			children = (
				1C5150E0228AC1CD00306177 /* ReusableView.swift */,
			);
			path = Traits;
			sourceTree = "<group>";
		};
		1C5150E1228AC1CD00306177 /* Extensions */ = {
			isa = PBXGroup;
			children = (
				1C5150E2228AC1CD00306177 /* Result.swift */,
				1C49BA15228C68070074B212 /* UIViewController.swift */,
			);
			path = Extensions;
			sourceTree = "<group>";
		};
		1C515105228B072000306177 /* Views */ = {
			isa = PBXGroup;
			children = (
				1C515106228B072E00306177 /* RoundedImageView.swift */,
			);
			path = Views;
			sourceTree = "<group>";
		};
		3F54EA016EF5D2A1B7DC749D /* Pods */ = {
			isa = PBXGroup;
			children = (
				8FE238E061E132C1FF7251EE /* Pods-Downloader_Example.debug.xcconfig */,
				EA9F7816EE96117FD24BA17E /* Pods-Downloader_Example.release.xcconfig */,
				EC1614FE39DAF334899BB11C /* Pods-Downloader_Tests.debug.xcconfig */,
				180A15C70EAD6E8495CF9787 /* Pods-Downloader_Tests.release.xcconfig */,
			);
			path = Pods;
			sourceTree = "<group>";
		};
		607FACC71AFB9204008FA782 = {
			isa = PBXGroup;
			children = (
				607FACF51AFB993E008FA782 /* Podspec Metadata */,
				607FACD21AFB9204008FA782 /* Example for Downloader */,
				607FACE81AFB9204008FA782 /* Tests */,
				1C49B9F0228C4E630074B212 /* Downloader_ExampleTests */,
				607FACD11AFB9204008FA782 /* Products */,
				3F54EA016EF5D2A1B7DC749D /* Pods */,
				DC72ADC58EF2F27D8A892B31 /* Frameworks */,
			);
			sourceTree = "<group>";
		};
		607FACD11AFB9204008FA782 /* Products */ = {
			isa = PBXGroup;
			children = (
				607FACD01AFB9204008FA782 /* Downloader_Example.app */,
				607FACE51AFB9204008FA782 /* Downloader_Tests.xctest */,
				1C49B9EF228C4E630074B212 /* Downloader_ExampleTests.xctest */,
			);
			name = Products;
			sourceTree = "<group>";
		};
		607FACD21AFB9204008FA782 /* Example for Downloader */ = {
			isa = PBXGroup;
			children = (
				1C5150CE228AC1CD00306177 /* Features */,
				1C5150DE228AC1CD00306177 /* Shared */,
				607FACD51AFB9204008FA782 /* AppDelegate.swift */,
				607FACD31AFB9204008FA782 /* Supporting Files */,
				1C5150EE228AC38000306177 /* RootFactory.swift */,
				1C49BA0F228C67000074B212 /* FlowController.swift */,
				1C49BA12228C678F0074B212 /* ViewControllerFactory.swift */,
			);
			name = "Example for Downloader";
			path = Downloader;
			sourceTree = "<group>";
		};
		607FACD31AFB9204008FA782 /* Supporting Files */ = {
			isa = PBXGroup;
			children = (
				607FACDC1AFB9204008FA782 /* Images.xcassets */,
				607FACDE1AFB9204008FA782 /* LaunchScreen.xib */,
				607FACD41AFB9204008FA782 /* Info.plist */,
			);
			name = "Supporting Files";
			sourceTree = "<group>";
		};
		607FACE81AFB9204008FA782 /* Tests */ = {
			isa = PBXGroup;
			children = (
				607FACEB1AFB9204008FA782 /* LinkedListTests.swift */,
				607FACE91AFB9204008FA782 /* Supporting Files */,
				1C49B99F228C018B0074B212 /* LRUCacheTests.swift */,
				1C49B9A1228C028C0074B212 /* LoadOperationTests.swift */,
				1C49B9A5228C3B690074B212 /* DataLoaderTests.swift */,
				1C49B9A7228C3B7E0074B212 /* URLProtocolMock.swift */,
			);
			path = Tests;
			sourceTree = "<group>";
		};
		607FACE91AFB9204008FA782 /* Supporting Files */ = {
			isa = PBXGroup;
			children = (
				607FACEA1AFB9204008FA782 /* Info.plist */,
			);
			name = "Supporting Files";
			sourceTree = "<group>";
		};
		607FACF51AFB993E008FA782 /* Podspec Metadata */ = {
			isa = PBXGroup;
			children = (
				FD1758CC78DF43D5BB57E69F /* Downloader.podspec */,
				51F9078903EF818ADB5CCFAF /* README.md */,
				F189618056D7AAE0BF0E4315 /* LICENSE */,
			);
			name = "Podspec Metadata";
			sourceTree = "<group>";
		};
		DC72ADC58EF2F27D8A892B31 /* Frameworks */ = {
			isa = PBXGroup;
			children = (
				1C49BA0D228C5D740074B212 /* Downloader.framework */,
				1C49BA09228C5D4C0074B212 /* Downloader.framework */,
				1C49BA0B228C5D4C0074B212 /* Pods_Downloader_Tests.framework */,
				1C49BA07228C5D410074B212 /* Pods_Downloader_Example.framework */,
				ED7370786BA0EB0394967749 /* Pods_Downloader_Example.framework */,
				CDC6C9C9F94F0A3CE47D8604 /* Pods_Downloader_Tests.framework */,
			);
			name = Frameworks;
			sourceTree = "<group>";
		};
/* End PBXGroup section */

/* Begin PBXNativeTarget section */
		1C49B9EE228C4E630074B212 /* Downloader_ExampleTests */ = {
			isa = PBXNativeTarget;
			buildConfigurationList = 1C49B9F6228C4E630074B212 /* Build configuration list for PBXNativeTarget "Downloader_ExampleTests" */;
			buildPhases = (
				1C49B9EB228C4E630074B212 /* Sources */,
				1C49B9EC228C4E630074B212 /* Frameworks */,
				1C49B9ED228C4E630074B212 /* Resources */,
			);
			buildRules = (
			);
			dependencies = (
				1C49B9F5228C4E630074B212 /* PBXTargetDependency */,
			);
			name = Downloader_ExampleTests;
			productName = Downloader_ExampleTests;
			productReference = 1C49B9EF228C4E630074B212 /* Downloader_ExampleTests.xctest */;
			productType = "com.apple.product-type.bundle.unit-test";
		};
		607FACCF1AFB9204008FA782 /* Downloader_Example */ = {
			isa = PBXNativeTarget;
			buildConfigurationList = 607FACEF1AFB9204008FA782 /* Build configuration list for PBXNativeTarget "Downloader_Example" */;
			buildPhases = (
				EA06FD745DF87E5273326D75 /* [CP] Check Pods Manifest.lock */,
				607FACCC1AFB9204008FA782 /* Sources */,
				607FACCD1AFB9204008FA782 /* Frameworks */,
				607FACCE1AFB9204008FA782 /* Resources */,
				4A4F4941D0B812DF41A7254A /* [CP] Embed Pods Frameworks */,
			);
			buildRules = (
			);
			dependencies = (
			);
			name = Downloader_Example;
			productName = Downloader;
			productReference = 607FACD01AFB9204008FA782 /* Downloader_Example.app */;
			productType = "com.apple.product-type.application";
		};
		607FACE41AFB9204008FA782 /* Downloader_Tests */ = {
			isa = PBXNativeTarget;
			buildConfigurationList = 607FACF21AFB9204008FA782 /* Build configuration list for PBXNativeTarget "Downloader_Tests" */;
			buildPhases = (
				AB0540FB1F2842EB57BBC102 /* [CP] Check Pods Manifest.lock */,
				607FACE11AFB9204008FA782 /* Sources */,
				607FACE21AFB9204008FA782 /* Frameworks */,
				607FACE31AFB9204008FA782 /* Resources */,
			);
			buildRules = (
			);
			dependencies = (
				607FACE71AFB9204008FA782 /* PBXTargetDependency */,
			);
			name = Downloader_Tests;
			productName = Tests;
			productReference = 607FACE51AFB9204008FA782 /* Downloader_Tests.xctest */;
			productType = "com.apple.product-type.bundle.unit-test";
		};
/* End PBXNativeTarget section */

/* Begin PBXProject section */
		607FACC81AFB9204008FA782 /* Project object */ = {
			isa = PBXProject;
			attributes = {
				LastSwiftUpdateCheck = 1020;
				LastUpgradeCheck = 0830;
				ORGANIZATIONNAME = CocoaPods;
				TargetAttributes = {
					1C49B9EE228C4E630074B212 = {
						CreatedOnToolsVersion = 10.2.1;
						DevelopmentTeam = 2952RH3AR7;
						ProvisioningStyle = Automatic;
						TestTargetID = 607FACCF1AFB9204008FA782;
					};
					607FACCF1AFB9204008FA782 = {
						CreatedOnToolsVersion = 6.3.1;
						DevelopmentTeam = 2952RH3AR7;
						LastSwiftMigration = 0900;
					};
					607FACE41AFB9204008FA782 = {
						CreatedOnToolsVersion = 6.3.1;
						DevelopmentTeam = 2952RH3AR7;
						LastSwiftMigration = 0900;
						TestTargetID = 607FACCF1AFB9204008FA782;
					};
				};
			};
			buildConfigurationList = 607FACCB1AFB9204008FA782 /* Build configuration list for PBXProject "Downloader" */;
			compatibilityVersion = "Xcode 3.2";
			developmentRegion = English;
			hasScannedForEncodings = 0;
			knownRegions = (
				English,
				en,
				Base,
			);
			mainGroup = 607FACC71AFB9204008FA782;
			productRefGroup = 607FACD11AFB9204008FA782 /* Products */;
			projectDirPath = "";
			projectRoot = "";
			targets = (
				607FACCF1AFB9204008FA782 /* Downloader_Example */,
				607FACE41AFB9204008FA782 /* Downloader_Tests */,
				1C49B9EE228C4E630074B212 /* Downloader_ExampleTests */,
			);
		};
/* End PBXProject section */

/* Begin PBXResourcesBuildPhase section */
		1C49B9ED228C4E630074B212 /* Resources */ = {
			isa = PBXResourcesBuildPhase;
			buildActionMask = 2147483647;
			files = (
				1C49B9FE228C4E970074B212 /* board.json in Resources */,
			);
			runOnlyForDeploymentPostprocessing = 0;
		};
		607FACCE1AFB9204008FA782 /* Resources */ = {
			isa = PBXResourcesBuildPhase;
			buildActionMask = 2147483647;
			files = (
				1C5150EB228AC1CD00306177 /* PinCell.xib in Resources */,
				607FACE01AFB9204008FA782 /* LaunchScreen.xib in Resources */,
				607FACDD1AFB9204008FA782 /* Images.xcassets in Resources */,
			);
			runOnlyForDeploymentPostprocessing = 0;
		};
		607FACE31AFB9204008FA782 /* Resources */ = {
			isa = PBXResourcesBuildPhase;
			buildActionMask = 2147483647;
			files = (
			);
			runOnlyForDeploymentPostprocessing = 0;
		};
/* End PBXResourcesBuildPhase section */

/* Begin PBXShellScriptBuildPhase section */
		4A4F4941D0B812DF41A7254A /* [CP] Embed Pods Frameworks */ = {
			isa = PBXShellScriptBuildPhase;
			buildActionMask = 2147483647;
			files = (
			);
			inputPaths = (
				"${PODS_ROOT}/Target Support Files/Pods-Downloader_Example/Pods-Downloader_Example-frameworks.sh",
				"${BUILT_PRODUCTS_DIR}/Downloader/Downloader.framework",
			);
			name = "[CP] Embed Pods Frameworks";
			outputPaths = (
				"${TARGET_BUILD_DIR}/${FRAMEWORKS_FOLDER_PATH}/Downloader.framework",
			);
			runOnlyForDeploymentPostprocessing = 0;
			shellPath = /bin/sh;
			shellScript = "\"${PODS_ROOT}/Target Support Files/Pods-Downloader_Example/Pods-Downloader_Example-frameworks.sh\"\n";
			showEnvVarsInLog = 0;
		};
		AB0540FB1F2842EB57BBC102 /* [CP] Check Pods Manifest.lock */ = {
			isa = PBXShellScriptBuildPhase;
			buildActionMask = 2147483647;
			files = (
			);
			inputFileListPaths = (
			);
			inputPaths = (
				"${PODS_PODFILE_DIR_PATH}/Podfile.lock",
				"${PODS_ROOT}/Manifest.lock",
			);
			name = "[CP] Check Pods Manifest.lock";
			outputFileListPaths = (
			);
			outputPaths = (
				"$(DERIVED_FILE_DIR)/Pods-Downloader_Tests-checkManifestLockResult.txt",
			);
			runOnlyForDeploymentPostprocessing = 0;
			shellPath = /bin/sh;
			shellScript = "diff \"${PODS_PODFILE_DIR_PATH}/Podfile.lock\" \"${PODS_ROOT}/Manifest.lock\" > /dev/null\nif [ $? != 0 ] ; then\n    # print error to STDERR\n    echo \"error: The sandbox is not in sync with the Podfile.lock. Run 'pod install' or update your CocoaPods installation.\" >&2\n    exit 1\nfi\n# This output is used by Xcode 'outputs' to avoid re-running this script phase.\necho \"SUCCESS\" > \"${SCRIPT_OUTPUT_FILE_0}\"\n";
			showEnvVarsInLog = 0;
		};
		EA06FD745DF87E5273326D75 /* [CP] Check Pods Manifest.lock */ = {
			isa = PBXShellScriptBuildPhase;
			buildActionMask = 2147483647;
			files = (
			);
			inputFileListPaths = (
			);
			inputPaths = (
				"${PODS_PODFILE_DIR_PATH}/Podfile.lock",
				"${PODS_ROOT}/Manifest.lock",
			);
			name = "[CP] Check Pods Manifest.lock";
			outputFileListPaths = (
			);
			outputPaths = (
				"$(DERIVED_FILE_DIR)/Pods-Downloader_Example-checkManifestLockResult.txt",
			);
			runOnlyForDeploymentPostprocessing = 0;
			shellPath = /bin/sh;
			shellScript = "diff \"${PODS_PODFILE_DIR_PATH}/Podfile.lock\" \"${PODS_ROOT}/Manifest.lock\" > /dev/null\nif [ $? != 0 ] ; then\n    # print error to STDERR\n    echo \"error: The sandbox is not in sync with the Podfile.lock. Run 'pod install' or update your CocoaPods installation.\" >&2\n    exit 1\nfi\n# This output is used by Xcode 'outputs' to avoid re-running this script phase.\necho \"SUCCESS\" > \"${SCRIPT_OUTPUT_FILE_0}\"\n";
			showEnvVarsInLog = 0;
		};
/* End PBXShellScriptBuildPhase section */

/* Begin PBXSourcesBuildPhase section */
		1C49B9EB228C4E630074B212 /* Sources */ = {
			isa = PBXSourcesBuildPhase;
			buildActionMask = 2147483647;
			files = (
				1C49BA04228C4EC40074B212 /* PinPresentationTests.swift in Sources */,
				1C49BA02228C4EB60074B212 /* PinTests.swift in Sources */,
			);
			runOnlyForDeploymentPostprocessing = 0;
		};
		607FACCC1AFB9204008FA782 /* Sources */ = {
			isa = PBXSourcesBuildPhase;
			buildActionMask = 2147483647;
			files = (
				1C5150EA228AC1CD00306177 /* PinCell.swift in Sources */,
				1C5150EC228AC1CD00306177 /* ReusableView.swift in Sources */,
				1C49BA17228C680F0074B212 /* UIViewController.swift in Sources */,
				1C5150E8228AC1CD00306177 /* Pin.swift in Sources */,
				1C5150E6228AC1CD00306177 /* URL.swift in Sources */,
				1C5150EF228AC38000306177 /* RootFactory.swift in Sources */,
				1C5150E9228AC1CD00306177 /* BoardLayout.swift in Sources */,
				1C5150E4228AC1CD00306177 /* BoardModelController.swift in Sources */,
				1C49BA14228C67AA0074B212 /* ViewControllerFactory.swift in Sources */,
				607FACD61AFB9204008FA782 /* AppDelegate.swift in Sources */,
				1C5150E5228AC1CD00306177 /* BoardService.swift in Sources */,
				1C5150E3228AC1CD00306177 /* PinPresentation.swift in Sources */,
				1C49B9A8228C3B7E0074B212 /* URLProtocolMock.swift in Sources */,
				1C49BA11228C674E0074B212 /* FlowController.swift in Sources */,
				1C515107228B072E00306177 /* RoundedImageView.swift in Sources */,
				1C5150E7228AC1CD00306177 /* BoardViewController.swift in Sources */,
				1C5150ED228AC1CD00306177 /* Result.swift in Sources */,
				1C5150F6228AC93900306177 /* BoardDataSource.swift in Sources */,
			);
			runOnlyForDeploymentPostprocessing = 0;
		};
		607FACE11AFB9204008FA782 /* Sources */ = {
			isa = PBXSourcesBuildPhase;
			buildActionMask = 2147483647;
			files = (
				1C49B9A9228C3DAF0074B212 /* URLProtocolMock.swift in Sources */,
				1C49B9A6228C3B690074B212 /* DataLoaderTests.swift in Sources */,
				1C49B9A2228C028C0074B212 /* LoadOperationTests.swift in Sources */,
				1C49B9A0228C018B0074B212 /* LRUCacheTests.swift in Sources */,
				607FACEC1AFB9204008FA782 /* LinkedListTests.swift in Sources */,
			);
			runOnlyForDeploymentPostprocessing = 0;
		};
/* End PBXSourcesBuildPhase section */

/* Begin PBXTargetDependency section */
		1C49B9F5228C4E630074B212 /* PBXTargetDependency */ = {
			isa = PBXTargetDependency;
			target = 607FACCF1AFB9204008FA782 /* Downloader_Example */;
			targetProxy = 1C49B9F4228C4E630074B212 /* PBXContainerItemProxy */;
		};
		607FACE71AFB9204008FA782 /* PBXTargetDependency */ = {
			isa = PBXTargetDependency;
			target = 607FACCF1AFB9204008FA782 /* Downloader_Example */;
			targetProxy = 607FACE61AFB9204008FA782 /* PBXContainerItemProxy */;
		};
/* End PBXTargetDependency section */

/* Begin PBXVariantGroup section */
		607FACDE1AFB9204008FA782 /* LaunchScreen.xib */ = {
			isa = PBXVariantGroup;
			children = (
				607FACDF1AFB9204008FA782 /* Base */,
			);
			name = LaunchScreen.xib;
			sourceTree = "<group>";
		};
/* End PBXVariantGroup section */

/* Begin XCBuildConfiguration section */
		1C49B9F7228C4E630074B212 /* Debug */ = {
			isa = XCBuildConfiguration;
			buildSettings = {
				BUNDLE_LOADER = "$(TEST_HOST)";
				CLANG_ANALYZER_NONNULL = YES;
				CLANG_ANALYZER_NUMBER_OBJECT_CONVERSION = YES_AGGRESSIVE;
				CLANG_CXX_LANGUAGE_STANDARD = "gnu++14";
				CLANG_ENABLE_OBJC_WEAK = YES;
				CLANG_WARN_DEPRECATED_OBJC_IMPLEMENTATIONS = YES;
				CLANG_WARN_DOCUMENTATION_COMMENTS = YES;
				CLANG_WARN_OBJC_IMPLICIT_RETAIN_SELF = YES;
				CLANG_WARN_UNGUARDED_AVAILABILITY = YES_AGGRESSIVE;
				CODE_SIGN_IDENTITY = "iPhone Developer";
				CODE_SIGN_STYLE = Automatic;
				DEBUG_INFORMATION_FORMAT = dwarf;
				DEVELOPMENT_TEAM = 2952RH3AR7;
				GCC_C_LANGUAGE_STANDARD = gnu11;
				INFOPLIST_FILE = Downloader_ExampleTests/Info.plist;
				IPHONEOS_DEPLOYMENT_TARGET = 12.2;
				LD_RUNPATH_SEARCH_PATHS = "$(inherited) @executable_path/Frameworks @loader_path/Frameworks";
				MTL_ENABLE_DEBUG_INFO = INCLUDE_SOURCE;
				MTL_FAST_MATH = YES;
				PRODUCT_BUNDLE_IDENTIFIER = "com.aaplab.Downloader-ExampleTests";
				PRODUCT_NAME = "$(TARGET_NAME)";
				SWIFT_ACTIVE_COMPILATION_CONDITIONS = DEBUG;
				SWIFT_VERSION = 5.0;
				TARGETED_DEVICE_FAMILY = "1,2";
				TEST_HOST = "$(BUILT_PRODUCTS_DIR)/Downloader_Example.app/Downloader_Example";
			};
			name = Debug;
		};
		1C49B9F8228C4E630074B212 /* Release */ = {
			isa = XCBuildConfiguration;
			buildSettings = {
				BUNDLE_LOADER = "$(TEST_HOST)";
				CLANG_ANALYZER_NONNULL = YES;
				CLANG_ANALYZER_NUMBER_OBJECT_CONVERSION = YES_AGGRESSIVE;
				CLANG_CXX_LANGUAGE_STANDARD = "gnu++14";
				CLANG_ENABLE_OBJC_WEAK = YES;
				CLANG_WARN_DEPRECATED_OBJC_IMPLEMENTATIONS = YES;
				CLANG_WARN_DOCUMENTATION_COMMENTS = YES;
				CLANG_WARN_OBJC_IMPLICIT_RETAIN_SELF = YES;
				CLANG_WARN_UNGUARDED_AVAILABILITY = YES_AGGRESSIVE;
				CODE_SIGN_IDENTITY = "iPhone Developer";
				CODE_SIGN_STYLE = Automatic;
				DEVELOPMENT_TEAM = 2952RH3AR7;
				GCC_C_LANGUAGE_STANDARD = gnu11;
				INFOPLIST_FILE = Downloader_ExampleTests/Info.plist;
				IPHONEOS_DEPLOYMENT_TARGET = 12.2;
				LD_RUNPATH_SEARCH_PATHS = "$(inherited) @executable_path/Frameworks @loader_path/Frameworks";
				MTL_FAST_MATH = YES;
				PRODUCT_BUNDLE_IDENTIFIER = "com.aaplab.Downloader-ExampleTests";
				PRODUCT_NAME = "$(TARGET_NAME)";
				SWIFT_VERSION = 5.0;
				TARGETED_DEVICE_FAMILY = "1,2";
				TEST_HOST = "$(BUILT_PRODUCTS_DIR)/Downloader_Example.app/Downloader_Example";
			};
			name = Release;
		};
		607FACED1AFB9204008FA782 /* Debug */ = {
			isa = XCBuildConfiguration;
			buildSettings = {
				ALWAYS_SEARCH_USER_PATHS = NO;
				CLANG_CXX_LANGUAGE_STANDARD = "gnu++0x";
				CLANG_CXX_LIBRARY = "libc++";
				CLANG_ENABLE_MODULES = YES;
				CLANG_ENABLE_OBJC_ARC = YES;
				CLANG_WARN_BLOCK_CAPTURE_AUTORELEASING = YES;
				CLANG_WARN_BOOL_CONVERSION = YES;
				CLANG_WARN_COMMA = YES;
				CLANG_WARN_CONSTANT_CONVERSION = YES;
				CLANG_WARN_DIRECT_OBJC_ISA_USAGE = YES_ERROR;
				CLANG_WARN_EMPTY_BODY = YES;
				CLANG_WARN_ENUM_CONVERSION = YES;
				CLANG_WARN_INFINITE_RECURSION = YES;
				CLANG_WARN_INT_CONVERSION = YES;
				CLANG_WARN_NON_LITERAL_NULL_CONVERSION = YES;
				CLANG_WARN_OBJC_LITERAL_CONVERSION = YES;
				CLANG_WARN_OBJC_ROOT_CLASS = YES_ERROR;
				CLANG_WARN_RANGE_LOOP_ANALYSIS = YES;
				CLANG_WARN_STRICT_PROTOTYPES = YES;
				CLANG_WARN_SUSPICIOUS_MOVE = YES;
				CLANG_WARN_UNREACHABLE_CODE = YES;
				CLANG_WARN__DUPLICATE_METHOD_MATCH = YES;
				"CODE_SIGN_IDENTITY[sdk=iphoneos*]" = "iPhone Developer";
				COPY_PHASE_STRIP = NO;
				DEBUG_INFORMATION_FORMAT = "dwarf-with-dsym";
				ENABLE_STRICT_OBJC_MSGSEND = YES;
				ENABLE_TESTABILITY = YES;
				GCC_C_LANGUAGE_STANDARD = gnu99;
				GCC_DYNAMIC_NO_PIC = NO;
				GCC_NO_COMMON_BLOCKS = YES;
				GCC_OPTIMIZATION_LEVEL = 0;
				GCC_PREPROCESSOR_DEFINITIONS = (
					"DEBUG=1",
					"$(inherited)",
				);
				GCC_SYMBOLS_PRIVATE_EXTERN = NO;
				GCC_WARN_64_TO_32_BIT_CONVERSION = YES;
				GCC_WARN_ABOUT_RETURN_TYPE = YES_ERROR;
				GCC_WARN_UNDECLARED_SELECTOR = YES;
				GCC_WARN_UNINITIALIZED_AUTOS = YES_AGGRESSIVE;
				GCC_WARN_UNUSED_FUNCTION = YES;
				GCC_WARN_UNUSED_VARIABLE = YES;
				IPHONEOS_DEPLOYMENT_TARGET = 10.0;
				MTL_ENABLE_DEBUG_INFO = YES;
				ONLY_ACTIVE_ARCH = YES;
				SDKROOT = iphoneos;
				SWIFT_OPTIMIZATION_LEVEL = "-Onone";
				SWIFT_VERSION = 5.0;
			};
			name = Debug;
		};
		607FACEE1AFB9204008FA782 /* Release */ = {
			isa = XCBuildConfiguration;
			buildSettings = {
				ALWAYS_SEARCH_USER_PATHS = NO;
				CLANG_CXX_LANGUAGE_STANDARD = "gnu++0x";
				CLANG_CXX_LIBRARY = "libc++";
				CLANG_ENABLE_MODULES = YES;
				CLANG_ENABLE_OBJC_ARC = YES;
				CLANG_WARN_BLOCK_CAPTURE_AUTORELEASING = YES;
				CLANG_WARN_BOOL_CONVERSION = YES;
				CLANG_WARN_COMMA = YES;
				CLANG_WARN_CONSTANT_CONVERSION = YES;
				CLANG_WARN_DIRECT_OBJC_ISA_USAGE = YES_ERROR;
				CLANG_WARN_EMPTY_BODY = YES;
				CLANG_WARN_ENUM_CONVERSION = YES;
				CLANG_WARN_INFINITE_RECURSION = YES;
				CLANG_WARN_INT_CONVERSION = YES;
				CLANG_WARN_NON_LITERAL_NULL_CONVERSION = YES;
				CLANG_WARN_OBJC_LITERAL_CONVERSION = YES;
				CLANG_WARN_OBJC_ROOT_CLASS = YES_ERROR;
				CLANG_WARN_RANGE_LOOP_ANALYSIS = YES;
				CLANG_WARN_STRICT_PROTOTYPES = YES;
				CLANG_WARN_SUSPICIOUS_MOVE = YES;
				CLANG_WARN_UNREACHABLE_CODE = YES;
				CLANG_WARN__DUPLICATE_METHOD_MATCH = YES;
				"CODE_SIGN_IDENTITY[sdk=iphoneos*]" = "iPhone Developer";
				COPY_PHASE_STRIP = NO;
				DEBUG_INFORMATION_FORMAT = "dwarf-with-dsym";
				ENABLE_NS_ASSERTIONS = NO;
				ENABLE_STRICT_OBJC_MSGSEND = YES;
				GCC_C_LANGUAGE_STANDARD = gnu99;
				GCC_NO_COMMON_BLOCKS = YES;
				GCC_WARN_64_TO_32_BIT_CONVERSION = YES;
				GCC_WARN_ABOUT_RETURN_TYPE = YES_ERROR;
				GCC_WARN_UNDECLARED_SELECTOR = YES;
				GCC_WARN_UNINITIALIZED_AUTOS = YES_AGGRESSIVE;
				GCC_WARN_UNUSED_FUNCTION = YES;
				GCC_WARN_UNUSED_VARIABLE = YES;
				IPHONEOS_DEPLOYMENT_TARGET = 10.0;
				MTL_ENABLE_DEBUG_INFO = NO;
				SDKROOT = iphoneos;
				SWIFT_OPTIMIZATION_LEVEL = "-Owholemodule";
				SWIFT_VERSION = 5.0;
				VALIDATE_PRODUCT = YES;
			};
			name = Release;
		};
		607FACF01AFB9204008FA782 /* Debug */ = {
			isa = XCBuildConfiguration;
			baseConfigurationReference = 8FE238E061E132C1FF7251EE /* Pods-Downloader_Example.debug.xcconfig */;
			buildSettings = {
				ASSETCATALOG_COMPILER_APPICON_NAME = AppIcon;
				DEVELOPMENT_TEAM = 2952RH3AR7;
				INFOPLIST_FILE = Downloader/Info.plist;
				LD_RUNPATH_SEARCH_PATHS = "$(inherited) @executable_path/Frameworks";
				MODULE_NAME = ExampleApp;
				PRODUCT_BUNDLE_IDENTIFIER = "org.cocoapods.demo.$(PRODUCT_NAME:rfc1034identifier)";
				PRODUCT_NAME = "$(TARGET_NAME)";
				SWIFT_SWIFT3_OBJC_INFERENCE = Default;
				SWIFT_VERSION = 5.0;
				TARGETED_DEVICE_FAMILY = "1,2";
			};
			name = Debug;
		};
		607FACF11AFB9204008FA782 /* Release */ = {
			isa = XCBuildConfiguration;
			baseConfigurationReference = EA9F7816EE96117FD24BA17E /* Pods-Downloader_Example.release.xcconfig */;
			buildSettings = {
				ASSETCATALOG_COMPILER_APPICON_NAME = AppIcon;
				DEVELOPMENT_TEAM = 2952RH3AR7;
				INFOPLIST_FILE = Downloader/Info.plist;
				LD_RUNPATH_SEARCH_PATHS = "$(inherited) @executable_path/Frameworks";
				MODULE_NAME = ExampleApp;
				PRODUCT_BUNDLE_IDENTIFIER = "org.cocoapods.demo.$(PRODUCT_NAME:rfc1034identifier)";
				PRODUCT_NAME = "$(TARGET_NAME)";
				SWIFT_SWIFT3_OBJC_INFERENCE = Default;
				SWIFT_VERSION = 5.0;
				TARGETED_DEVICE_FAMILY = "1,2";
			};
			name = Release;
		};
		607FACF31AFB9204008FA782 /* Debug */ = {
			isa = XCBuildConfiguration;
			baseConfigurationReference = EC1614FE39DAF334899BB11C /* Pods-Downloader_Tests.debug.xcconfig */;
			buildSettings = {
				DEVELOPMENT_TEAM = 2952RH3AR7;
				FRAMEWORK_SEARCH_PATHS = (
					"$(SDKROOT)/Developer/Library/Frameworks",
					"$(inherited)",
				);
				GCC_PREPROCESSOR_DEFINITIONS = (
					"DEBUG=1",
					"$(inherited)",
				);
				INFOPLIST_FILE = Tests/Info.plist;
				LD_RUNPATH_SEARCH_PATHS = "$(inherited) @executable_path/Frameworks @loader_path/Frameworks";
				PRODUCT_BUNDLE_IDENTIFIER = "org.cocoapods.$(PRODUCT_NAME:rfc1034identifier)";
				PRODUCT_NAME = "$(TARGET_NAME)";
				SWIFT_SWIFT3_OBJC_INFERENCE = Default;
				SWIFT_VERSION = 5.0;
				TEST_HOST = "$(BUILT_PRODUCTS_DIR)/Downloader_Example.app/Downloader_Example";
			};
			name = Debug;
		};
		607FACF41AFB9204008FA782 /* Release */ = {
			isa = XCBuildConfiguration;
			baseConfigurationReference = 180A15C70EAD6E8495CF9787 /* Pods-Downloader_Tests.release.xcconfig */;
			buildSettings = {
				DEVELOPMENT_TEAM = 2952RH3AR7;
				FRAMEWORK_SEARCH_PATHS = (
					"$(SDKROOT)/Developer/Library/Frameworks",
					"$(inherited)",
				);
				INFOPLIST_FILE = Tests/Info.plist;
				LD_RUNPATH_SEARCH_PATHS = "$(inherited) @executable_path/Frameworks @loader_path/Frameworks";
				PRODUCT_BUNDLE_IDENTIFIER = "org.cocoapods.$(PRODUCT_NAME:rfc1034identifier)";
				PRODUCT_NAME = "$(TARGET_NAME)";
				SWIFT_SWIFT3_OBJC_INFERENCE = Default;
				SWIFT_VERSION = 5.0;
				TEST_HOST = "$(BUILT_PRODUCTS_DIR)/Downloader_Example.app/Downloader_Example";
			};
			name = Release;
		};
/* End XCBuildConfiguration section */

/* Begin XCConfigurationList section */
		1C49B9F6228C4E630074B212 /* Build configuration list for PBXNativeTarget "Downloader_ExampleTests" */ = {
			isa = XCConfigurationList;
			buildConfigurations = (
				1C49B9F7228C4E630074B212 /* Debug */,
				1C49B9F8228C4E630074B212 /* Release */,
			);
			defaultConfigurationIsVisible = 0;
			defaultConfigurationName = Release;
		};
		607FACCB1AFB9204008FA782 /* Build configuration list for PBXProject "Downloader" */ = {
			isa = XCConfigurationList;
			buildConfigurations = (
				607FACED1AFB9204008FA782 /* Debug */,
				607FACEE1AFB9204008FA782 /* Release */,
			);
			defaultConfigurationIsVisible = 0;
			defaultConfigurationName = Release;
		};
		607FACEF1AFB9204008FA782 /* Build configuration list for PBXNativeTarget "Downloader_Example" */ = {
			isa = XCConfigurationList;
			buildConfigurations = (
				607FACF01AFB9204008FA782 /* Debug */,
				607FACF11AFB9204008FA782 /* Release */,
			);
			defaultConfigurationIsVisible = 0;
			defaultConfigurationName = Release;
		};
		607FACF21AFB9204008FA782 /* Build configuration list for PBXNativeTarget "Downloader_Tests" */ = {
			isa = XCConfigurationList;
			buildConfigurations = (
				607FACF31AFB9204008FA782 /* Debug */,
				607FACF41AFB9204008FA782 /* Release */,
			);
			defaultConfigurationIsVisible = 0;
			defaultConfigurationName = Release;
		};
/* End XCConfigurationList section */
	};
	rootObject = 607FACC81AFB9204008FA782 /* Project object */;
}
